
Microsoft Visual Studio Solution File, Format Version 12.00
# Visual Studio Version 17
VisualStudioVersion = 17.13.35825.156 d17.13
MinimumVisualStudioVersion = 10.0.40219.1
Project("{FAE04EC0-301F-11D3-BF4B-00C04F79EFBC}") = "ejer1", "ejer1\ejer1.csproj", "{78D9DFC5-453B-4C6A-942A-6427687473DF}"
EndProject
Global
	GlobalSection(SolutionConfigurationPlatforms) = preSolution
		Debug|Any CPU = Debug|Any CPU
		Release|Any CPU = Release|Any CPU
	EndGlobalSection
	GlobalSection(ProjectConfigurationPlatforms) = postSolution
		{78D9DFC5-453B-4C6A-942A-6427687473DF}.Debug|Any CPU.ActiveCfg = Debug|Any CPU
		{78D9DFC5-453B-4C6A-942A-6427687473DF}.Debug|Any CPU.Build.0 = Debug|Any CPU
		{78D9DFC5-453B-4C6A-942A-6427687473DF}.Release|Any CPU.ActiveCfg = Release|Any CPU
		{78D9DFC5-453B-4C6A-942A-6427687473DF}.Release|Any CPU.Build.0 = Release|Any CPU
	EndGlobalSection
	GlobalSection(SolutionProperties) = preSolution
		HideSolutionNode = FALSE
	EndGlobalSection
	GlobalSection(ExtensibilityGlobals) = postSolution
		SolutionGuid = {2CDF7318-EF07-49F5-967E-09CE19FA1AA6}
	EndGlobalSection
EndGlobal
